dependencies:
  espressif/esp_jpeg:
    dependencies: []
    source:
      path: /Users/shuaiwencui/Desktop/Repo/TinySHM/CODE/DNESP32S3M-TESTBED/middleware/espressif__esp_jpeg
      type: local
    version: 1.2.1
  idf:
    source:
      type: idf
    version: 5.5.0
direct_dependencies:
- espressif/esp_jpeg
- idf
manifest_hash: fa03e9d026879af98ec3c2a83e6e27f3cf66eea6e663b43a9f33a381edc57f68
target: esp32s3
version: 2.0.0
