dependencies:
  espressif/esp_jpeg:
    dependencies: []
    source:
      path: /home/cshwstem/CSW/Development/TinySHM/CODE/DNESP32S3M-LATEST/middleware/espressif__esp_jpeg
      type: local
    version: 1.2.1
  idf:
    source:
      type: idf
    version: 5.5.0
direct_dependencies:
- espressif/esp_jpeg
- idf
manifest_hash: 161beef000cb62019bfa7afd2d3e4d4860dfcc3db6db81385f2ad92156dc7692
target: esp32s3
version: 2.0.0
